
Microsoft Visual Studio Solution File, Format Version 12.00
# Visual Studio Version 17
VisualStudioVersion = 17.4.33103.184
MinimumVisualStudioVersion = 10.0.40219.1
Project("{FAE04EC0-301F-11D3-BF4B-00C04F79EFBC}") = "PlatformaEducationalaPentruScoala", "PlatformaEducationalaPentruScoala\PlatformaEducationalaPentruScoala.csproj", "{F34C9137-27FE-4FF7-BC8D-83C4AF46502A}"
EndProject
Project("{FAE04EC0-301F-11D3-BF4B-00C04F79EFBC}") = "DataAccessLayer", "DataAccessLayer\DataAccessLayer.csproj", "{A7A53F1D-0D62-4575-9049-36B3649BEA2C}"
EndProject
Global
	GlobalSection(SolutionConfigurationPlatforms) = preSolution
		Debug|Any CPU = Debug|Any CPU
		Release|Any CPU = Release|Any CPU
	EndGlobalSection
	GlobalSection(ProjectConfigurationPlatforms) = postSolution
		{F34C9137-27FE-4FF7-BC8D-83C4AF46502A}.Debug|Any CPU.ActiveCfg = Debug|Any CPU
		{F34C9137-27FE-4FF7-BC8D-83C4AF46502A}.Debug|Any CPU.Build.0 = Debug|Any CPU
		{F34C9137-27FE-4FF7-BC8D-83C4AF46502A}.Release|Any CPU.ActiveCfg = Release|Any CPU
		{F34C9137-27FE-4FF7-BC8D-83C4AF46502A}.Release|Any CPU.Build.0 = Release|Any CPU
		{A7A53F1D-0D62-4575-9049-36B3649BEA2C}.Debug|Any CPU.ActiveCfg = Debug|Any CPU
		{A7A53F1D-0D62-4575-9049-36B3649BEA2C}.Debug|Any CPU.Build.0 = Debug|Any CPU
		{A7A53F1D-0D62-4575-9049-36B3649BEA2C}.Release|Any CPU.ActiveCfg = Release|Any CPU
		{A7A53F1D-0D62-4575-9049-36B3649BEA2C}.Release|Any CPU.Build.0 = Release|Any CPU
	EndGlobalSection
	GlobalSection(SolutionProperties) = preSolution
		HideSolutionNode = FALSE
	EndGlobalSection
	GlobalSection(ExtensibilityGlobals) = postSolution
		SolutionGuid = {61E1A0BF-7C18-498A-BDC8-9E0F185340DB}
	EndGlobalSection
EndGlobal
